{
  "originHash": "da5daa43bbad662c64f73e6334092fb67d863ef0292127f0f2e7134455821826",
  "pins": [
    {
      "identity": "alamofire",
      "kind": "remoteSourceControl",
      "location": "https://github.com/ymvmj7dsyy-stack/Alamofire",
      "state": {
        "revision": "8a974e1e0961fe3134df593e2d7d67db3d4c2ad3"
      }
    }
  ],
  "version": 3
}
